
Microsoft Visual Studio Solution File, Format Version 11.00
# Visual Studio 2010
Project("{FAE04EC0-301F-11D3-BF4B-00C04F79EFBC}") = "Assignment1", "Assignment1\Assignment1.csproj", "{41C5B979-0A69-40B4-A6BE-BA843A4BC999}"
EndProject
Global
	GlobalSection(SolutionConfigurationPlatforms) = preSolution
		Debug|x86 = Debug|x86
		Release|x86 = Release|x86
	EndGlobalSection
	GlobalSection(ProjectConfigurationPlatforms) = postSolution
		{41C5B979-0A69-40B4-A6BE-BA843A4BC999}.Debug|x86.ActiveCfg = Debug|x86
		{41C5B979-0A69-40B4-A6BE-BA843A4BC999}.Debug|x86.Build.0 = Debug|x86
		{41C5B979-0A69-40B4-A6BE-BA843A4BC999}.Release|x86.ActiveCfg = Release|x86
		{41C5B979-0A69-40B4-A6BE-BA843A4BC999}.Release|x86.Build.0 = Release|x86
	EndGlobalSection
	GlobalSection(SolutionProperties) = preSolution
		HideSolutionNode = FALSE
	EndGlobalSection
EndGlobal
